github.com/jessevdk/go-flags v1.6.1 h1:Cvu5U8UGrLay1rZfv/zP7iLpSHGUZ/Ou68T0iX1bBK4=
github.com/jessevdk/go-flags v1.6.1/go.mod h1:Mk8T1hIAWpOiJiHa9rJASDK2UGWji0EuPGBnNLMooyc=
github.com/tomasen/fcgi_client v0.0.0-20180423082037-2bb3d819fd19 h1:ZCmSnT6CLGhfoQ2lPEhL4nsJstKDCw1F1RfN8/smTCU=
github.com/tomasen/fcgi_client v0.0.0-20180423082037-2bb3d819fd19/go.mod h1:SXTY+QvI+KTTKXQdg0zZ7nx0u94QWh8ZAwBQYsW9cqk=
golang.org/x/sys v0.21.0 h1:rF+pYz3DAGSQAxAu1CbC7catZg4ebC4UIeIhKxBZvws=
golang.org/x/sys v0.21.0/go.mod h1:/VUhepiaJMQUp4+oa/7Zr1D23ma6VTLIYjOOTFZPUcA=
